// !$*UTF8*$!
{
	archiveVersion = 1;
	classes = {
	};
	objectVersion = 55;
	objects = {

/* Begin PBXBuildFile section */
		3D63EC5BDD7FBF7F3161C366 /* Pods_SmakuyShushi.framework in Frameworks */ = {isa = PBXBuildFile; fileRef = 28ECB6A1184F5159C4AAB6E4 /* Pods_SmakuyShushi.framework */; };
		C671A27A27CFE78C001C1E2B /* AppDelegate.swift in Sources */ = {isa = PBXBuildFile; fileRef = C671A27927CFE78C001C1E2B /* AppDelegate.swift */; };
		C671A27E27CFE78C001C1E2B /* ViewController.swift in Sources */ = {isa = PBXBuildFile; fileRef = C671A27D27CFE78C001C1E2B /* ViewController.swift */; };
		C671A28127CFE78C001C1E2B /* Main.storyboard in Resources */ = {isa = PBXBuildFile; fileRef = C671A27F27CFE78C001C1E2B /* Main.storyboard */; };
		C671A28427CFE78C001C1E2B /* SmakuyShushi.xcdatamodeld in Sources */ = {isa = PBXBuildFile; fileRef = C671A28227CFE78C001C1E2B /* SmakuyShushi.xcdatamodeld */; };
		C671A28627CFE790001C1E2B /* Assets.xcassets in Resources */ = {isa = PBXBuildFile; fileRef = C671A28527CFE790001C1E2B /* Assets.xcassets */; };
		C671A28927CFE790001C1E2B /* LaunchScreen.storyboard in Resources */ = {isa = PBXBuildFile; fileRef = C671A28727CFE790001C1E2B /* LaunchScreen.storyboard */; };
		C671A29127D14BA0001C1E2B /* LoadViewController.swift in Sources */ = {isa = PBXBuildFile; fileRef = C671A29027D14BA0001C1E2B /* LoadViewController.swift */; };
		C671A29327D29CE2001C1E2B /* TabBarController.swift in Sources */ = {isa = PBXBuildFile; fileRef = C671A29227D29CE1001C1E2B /* TabBarController.swift */; };
		C671A29E27DBC45D001C1E2B /* SceneDelegate.swift in Sources */ = {isa = PBXBuildFile; fileRef = C671A29D27DBC45D001C1E2B /* SceneDelegate.swift */; };
/* End PBXBuildFile section */

/* Begin PBXFileReference section */
		28ECB6A1184F5159C4AAB6E4 /* Pods_SmakuyShushi.framework */ = {isa = PBXFileReference; explicitFileType = wrapper.framework; includeInIndex = 0; path = Pods_SmakuyShushi.framework; sourceTree = BUILT_PRODUCTS_DIR; };
		30A37B38962C1037939EA4A2 /* Pods-SmakuyShushi.debug.xcconfig */ = {isa = PBXFileReference; includeInIndex = 1; lastKnownFileType = text.xcconfig; name = "Pods-SmakuyShushi.debug.xcconfig"; path = "Target Support Files/Pods-SmakuyShushi/Pods-SmakuyShushi.debug.xcconfig"; sourceTree = "<group>"; };
		5800CDFE633772299C18E755 /* Pods-SmakuyShushi.release.xcconfig */ = {isa = PBXFileReference; includeInIndex = 1; lastKnownFileType = text.xcconfig; name = "Pods-SmakuyShushi.release.xcconfig"; path = "Target Support Files/Pods-SmakuyShushi/Pods-SmakuyShushi.release.xcconfig"; sourceTree = "<group>"; };
		C671A27627CFE78C001C1E2B /* SmakuyShushi.app */ = {isa = PBXFileReference; explicitFileType = wrapper.application; includeInIndex = 0; path = SmakuyShushi.app; sourceTree = BUILT_PRODUCTS_DIR; };
		C671A27927CFE78C001C1E2B /* AppDelegate.swift */ = {isa = PBXFileReference; lastKnownFileType = sourcecode.swift; path = AppDelegate.swift; sourceTree = "<group>"; };
		C671A27D27CFE78C001C1E2B /* ViewController.swift */ = {isa = PBXFileReference; lastKnownFileType = sourcecode.swift; path = ViewController.swift; sourceTree = "<group>"; };
		C671A28027CFE78C001C1E2B /* Base */ = {isa = PBXFileReference; lastKnownFileType = file.storyboard; name = Base; path = Base.lproj/Main.storyboard; sourceTree = "<group>"; };
		C671A28327CFE78C001C1E2B /* SmakuyShushi.xcdatamodel */ = {isa = PBXFileReference; lastKnownFileType = wrapper.xcdatamodel; path = SmakuyShushi.xcdatamodel; sourceTree = "<group>"; };
		C671A28527CFE790001C1E2B /* Assets.xcassets */ = {isa = PBXFileReference; lastKnownFileType = folder.assetcatalog; path = Assets.xcassets; sourceTree = "<group>"; };
		C671A28827CFE790001C1E2B /* Base */ = {isa = PBXFileReference; lastKnownFileType = file.storyboard; name = Base; path = Base.lproj/LaunchScreen.storyboard; sourceTree = "<group>"; };
		C671A28A27CFE790001C1E2B /* Info.plist */ = {isa = PBXFileReference; lastKnownFileType = text.plist.xml; path = Info.plist; sourceTree = "<group>"; };
		C671A29027D14BA0001C1E2B /* LoadViewController.swift */ = {isa = PBXFileReference; lastKnownFileType = sourcecode.swift; path = LoadViewController.swift; sourceTree = "<group>"; };
		C671A29227D29CE1001C1E2B /* TabBarController.swift */ = {isa = PBXFileReference; lastKnownFileType = sourcecode.swift; path = TabBarController.swift; sourceTree = "<group>"; };
		C671A29D27DBC45D001C1E2B /* SceneDelegate.swift */ = {isa = PBXFileReference; lastKnownFileType = sourcecode.swift; path = SceneDelegate.swift; sourceTree = "<group>"; };
/* End PBXFileReference section */

/* Begin PBXFrameworksBuildPhase section */
		C671A27327CFE78C001C1E2B /* Frameworks */ = {
			isa = PBXFrameworksBuildPhase;
			buildActionMask = 2147483647;
			files = (
				3D63EC5BDD7FBF7F3161C366 /* Pods_SmakuyShushi.framework in Frameworks */,
			);
			runOnlyForDeploymentPostprocessing = 0;
		};
/* End PBXFrameworksBuildPhase section */

/* Begin PBXGroup section */
		756D6E71F3F494A3243EF8AA /* Pods */ = {
			isa = PBXGroup;
			children = (
				30A37B38962C1037939EA4A2 /* Pods-SmakuyShushi.debug.xcconfig */,
				5800CDFE633772299C18E755 /* Pods-SmakuyShushi.release.xcconfig */,
			);
			path = Pods;
			sourceTree = "<group>";
		};
		A999615CCCD4B0E88AB53420 /* Frameworks */ = {
			isa = PBXGroup;
			children = (
				28ECB6A1184F5159C4AAB6E4 /* Pods_SmakuyShushi.framework */,
			);
			name = Frameworks;
			sourceTree = "<group>";
		};
		C671A26D27CFE78C001C1E2B = {
			isa = PBXGroup;
			children = (
				C671A27827CFE78C001C1E2B /* SmakuyShushi */,
				C671A27727CFE78C001C1E2B /* Products */,
				756D6E71F3F494A3243EF8AA /* Pods */,
				A999615CCCD4B0E88AB53420 /* Frameworks */,
			);
			sourceTree = "<group>";
		};
		C671A27727CFE78C001C1E2B /* Products */ = {
			isa = PBXGroup;
			children = (
				C671A27627CFE78C001C1E2B /* SmakuyShushi.app */,
			);
			name = Products;
			sourceTree = "<group>";
		};
		C671A27827CFE78C001C1E2B /* SmakuyShushi */ = {
			isa = PBXGroup;
			children = (
				C671A27927CFE78C001C1E2B /* AppDelegate.swift */,
				C671A29D27DBC45D001C1E2B /* SceneDelegate.swift */,
				C671A27D27CFE78C001C1E2B /* ViewController.swift */,
				C671A29027D14BA0001C1E2B /* LoadViewController.swift */,
				C671A29227D29CE1001C1E2B /* TabBarController.swift */,
				C671A27F27CFE78C001C1E2B /* Main.storyboard */,
				C671A28527CFE790001C1E2B /* Assets.xcassets */,
				C671A28727CFE790001C1E2B /* LaunchScreen.storyboard */,
				C671A28A27CFE790001C1E2B /* Info.plist */,
				C671A28227CFE78C001C1E2B /* SmakuyShushi.xcdatamodeld */,
			);
			path = SmakuyShushi;
			sourceTree = "<group>";
		};
/* End PBXGroup section */

/* Begin PBXNativeTarget section */
		C671A27527CFE78C001C1E2B /* SmakuyShushi */ = {
			isa = PBXNativeTarget;
			buildConfigurationList = C671A28D27CFE790001C1E2B /* Build configuration list for PBXNativeTarget "SmakuyShushi" */;
			buildPhases = (
				81C7EE60EA441A90CE310CEB /* [CP] Check Pods Manifest.lock */,
				C671A27227CFE78C001C1E2B /* Sources */,
				C671A27327CFE78C001C1E2B /* Frameworks */,
				C671A27427CFE78C001C1E2B /* Resources */,
				30D2B6F072CDFA2FE55D6A4E /* [CP] Embed Pods Frameworks */,
			);
			buildRules = (
			);
			dependencies = (
			);
			name = SmakuyShushi;
			productName = SmakuyShushi;
			productReference = C671A27627CFE78C001C1E2B /* SmakuyShushi.app */;
			productType = "com.apple.product-type.application";
		};
/* End PBXNativeTarget section */

/* Begin PBXProject section */
		C671A26E27CFE78C001C1E2B /* Project object */ = {
			isa = PBXProject;
			attributes = {
				BuildIndependentTargetsInParallel = 1;
				LastSwiftUpdateCheck = 1320;
				LastUpgradeCheck = 1320;
				TargetAttributes = {
					C671A27527CFE78C001C1E2B = {
						CreatedOnToolsVersion = 13.2.1;
					};
				};
			};
			buildConfigurationList = C671A27127CFE78C001C1E2B /* Build configuration list for PBXProject "SmakuyShushi" */;
			compatibilityVersion = "Xcode 13.0";
			developmentRegion = en;
			hasScannedForEncodings = 0;
			knownRegions = (
				en,
				Base,
			);
			mainGroup = C671A26D27CFE78C001C1E2B;
			productRefGroup = C671A27727CFE78C001C1E2B /* Products */;
			projectDirPath = "";
			projectRoot = "";
			targets = (
				C671A27527CFE78C001C1E2B /* SmakuyShushi */,
			);
		};
/* End PBXProject section */

/* Begin PBXResourcesBuildPhase section */
		C671A27427CFE78C001C1E2B /* Resources */ = {
			isa = PBXResourcesBuildPhase;
			buildActionMask = 2147483647;
			files = (
				C671A28927CFE790001C1E2B /* LaunchScreen.storyboard in Resources */,
				C671A28627CFE790001C1E2B /* Assets.xcassets in Resources */,
				C671A28127CFE78C001C1E2B /* Main.storyboard in Resources */,
			);
			runOnlyForDeploymentPostprocessing = 0;
		};
/* End PBXResourcesBuildPhase section */

/* Begin PBXShellScriptBuildPhase section */
		30D2B6F072CDFA2FE55D6A4E /* [CP] Embed Pods Frameworks */ = {
			isa = PBXShellScriptBuildPhase;
			buildActionMask = 2147483647;
			files = (
			);
			inputFileListPaths = (
				"${PODS_ROOT}/Target Support Files/Pods-SmakuyShushi/Pods-SmakuyShushi-frameworks-${CONFIGURATION}-input-files.xcfilelist",
			);
			name = "[CP] Embed Pods Frameworks";
			outputFileListPaths = (
				"${PODS_ROOT}/Target Support Files/Pods-SmakuyShushi/Pods-SmakuyShushi-frameworks-${CONFIGURATION}-output-files.xcfilelist",
			);
			runOnlyForDeploymentPostprocessing = 0;
			shellPath = /bin/sh;
			shellScript = "\"${PODS_ROOT}/Target Support Files/Pods-SmakuyShushi/Pods-SmakuyShushi-frameworks.sh\"\n";
			showEnvVarsInLog = 0;
		};
		81C7EE60EA441A90CE310CEB /* [CP] Check Pods Manifest.lock */ = {
			isa = PBXShellScriptBuildPhase;
			buildActionMask = 2147483647;
			files = (
			);
			inputFileListPaths = (
			);
			inputPaths = (
				"${PODS_PODFILE_DIR_PATH}/Podfile.lock",
				"${PODS_ROOT}/Manifest.lock",
			);
			name = "[CP] Check Pods Manifest.lock";
			outputFileListPaths = (
			);
			outputPaths = (
				"$(DERIVED_FILE_DIR)/Pods-SmakuyShushi-checkManifestLockResult.txt",
			);
			runOnlyForDeploymentPostprocessing = 0;
			shellPath = /bin/sh;
			shellScript = "diff \"${PODS_PODFILE_DIR_PATH}/Podfile.lock\" \"${PODS_ROOT}/Manifest.lock\" > /dev/null\nif [ $? != 0 ] ; then\n    # print error to STDERR\n    echo \"error: The sandbox is not in sync with the Podfile.lock. Run 'pod install' or update your CocoaPods installation.\" >&2\n    exit 1\nfi\n# This output is used by Xcode 'outputs' to avoid re-running this script phase.\necho \"SUCCESS\" > \"${SCRIPT_OUTPUT_FILE_0}\"\n";
			showEnvVarsInLog = 0;
		};
/* End PBXShellScriptBuildPhase section */

/* Begin PBXSourcesBuildPhase section */
		C671A27227CFE78C001C1E2B /* Sources */ = {
			isa = PBXSourcesBuildPhase;
			buildActionMask = 2147483647;
			files = (
				C671A29127D14BA0001C1E2B /* LoadViewController.swift in Sources */,
				C671A27E27CFE78C001C1E2B /* ViewController.swift in Sources */,
				C671A27A27CFE78C001C1E2B /* AppDelegate.swift in Sources */,
				C671A29327D29CE2001C1E2B /* TabBarController.swift in Sources */,
				C671A28427CFE78C001C1E2B /* SmakuyShushi.xcdatamodeld in Sources */,
				C671A29E27DBC45D001C1E2B /* SceneDelegate.swift in Sources */,
			);
			runOnlyForDeploymentPostprocessing = 0;
		};
/* End PBXSourcesBuildPhase section */

/* Begin PBXVariantGroup section */
		C671A27F27CFE78C001C1E2B /* Main.storyboard */ = {
			isa = PBXVariantGroup;
			children = (
				C671A28027CFE78C001C1E2B /* Base */,
			);
			name = Main.storyboard;
			sourceTree = "<group>";
		};
		C671A28727CFE790001C1E2B /* LaunchScreen.storyboard */ = {
			isa = PBXVariantGroup;
			children = (
				C671A28827CFE790001C1E2B /* Base */,
			);
			name = LaunchScreen.storyboard;
			sourceTree = "<group>";
		};
/* End PBXVariantGroup section */

/* Begin XCBuildConfiguration section */
		C671A28B27CFE790001C1E2B /* Debug */ = {
			isa = XCBuildConfiguration;
			buildSettings = {
				ALWAYS_SEARCH_USER_PATHS = NO;
				CLANG_ANALYZER_NONNULL = YES;
				CLANG_ANALYZER_NUMBER_OBJECT_CONVERSION = YES_AGGRESSIVE;
				CLANG_CXX_LANGUAGE_STANDARD = "gnu++17";
				CLANG_CXX_LIBRARY = "libc++";
				CLANG_ENABLE_MODULES = YES;
				CLANG_ENABLE_OBJC_ARC = YES;
				CLANG_ENABLE_OBJC_WEAK = YES;
				CLANG_WARN_BLOCK_CAPTURE_AUTORELEASING = YES;
				CLANG_WARN_BOOL_CONVERSION = YES;
				CLANG_WARN_COMMA = YES;
				CLANG_WARN_CONSTANT_CONVERSION = YES;
				CLANG_WARN_DEPRECATED_OBJC_IMPLEMENTATIONS = YES;
				CLANG_WARN_DIRECT_OBJC_ISA_USAGE = YES_ERROR;
				CLANG_WARN_DOCUMENTATION_COMMENTS = YES;
				CLANG_WARN_EMPTY_BODY = YES;
				CLANG_WARN_ENUM_CONVERSION = YES;
				CLANG_WARN_INFINITE_RECURSION = YES;
				CLANG_WARN_INT_CONVERSION = YES;
				CLANG_WARN_NON_LITERAL_NULL_CONVERSION = YES;
				CLANG_WARN_OBJC_IMPLICIT_RETAIN_SELF = YES;
				CLANG_WARN_OBJC_LITERAL_CONVERSION = YES;
				CLANG_WARN_OBJC_ROOT_CLASS = YES_ERROR;
				CLANG_WARN_QUOTED_INCLUDE_IN_FRAMEWORK_HEADER = YES;
				CLANG_WARN_RANGE_LOOP_ANALYSIS = YES;
				CLANG_WARN_STRICT_PROTOTYPES = YES;
				CLANG_WARN_SUSPICIOUS_MOVE = YES;
				CLANG_WARN_UNGUARDED_AVAILABILITY = YES_AGGRESSIVE;
				CLANG_WARN_UNREACHABLE_CODE = YES;
				CLANG_WARN__DUPLICATE_METHOD_MATCH = YES;
				COPY_PHASE_STRIP = NO;
				DEBUG_INFORMATION_FORMAT = dwarf;
				ENABLE_STRICT_OBJC_MSGSEND = YES;
				ENABLE_TESTABILITY = YES;
				GCC_C_LANGUAGE_STANDARD = gnu11;
				GCC_DYNAMIC_NO_PIC = NO;
				GCC_NO_COMMON_BLOCKS = YES;
				GCC_OPTIMIZATION_LEVEL = 0;
				GCC_PREPROCESSOR_DEFINITIONS = (
					"DEBUG=1",
					"$(inherited)",
				);
				GCC_WARN_64_TO_32_BIT_CONVERSION = YES;
				GCC_WARN_ABOUT_RETURN_TYPE = YES_ERROR;
				GCC_WARN_UNDECLARED_SELECTOR = YES;
				GCC_WARN_UNINITIALIZED_AUTOS = YES_AGGRESSIVE;
				GCC_WARN_UNUSED_FUNCTION = YES;
				GCC_WARN_UNUSED_VARIABLE = YES;
				IPHONEOS_DEPLOYMENT_TARGET = 15.2;
				MTL_ENABLE_DEBUG_INFO = INCLUDE_SOURCE;
				MTL_FAST_MATH = YES;
				ONLY_ACTIVE_ARCH = YES;
				SDKROOT = iphoneos;
				SWIFT_ACTIVE_COMPILATION_CONDITIONS = DEBUG;
				SWIFT_OPTIMIZATION_LEVEL = "-Onone";
			};
			name = Debug;
		};
		C671A28C27CFE790001C1E2B /* Release */ = {
			isa = XCBuildConfiguration;
			buildSettings = {
				ALWAYS_SEARCH_USER_PATHS = NO;
				CLANG_ANALYZER_NONNULL = YES;
				CLANG_ANALYZER_NUMBER_OBJECT_CONVERSION = YES_AGGRESSIVE;
				CLANG_CXX_LANGUAGE_STANDARD = "gnu++17";
				CLANG_CXX_LIBRARY = "libc++";
				CLANG_ENABLE_MODULES = YES;
				CLANG_ENABLE_OBJC_ARC = YES;
				CLANG_ENABLE_OBJC_WEAK = YES;
				CLANG_WARN_BLOCK_CAPTURE_AUTORELEASING = YES;
				CLANG_WARN_BOOL_CONVERSION = YES;
				CLANG_WARN_COMMA = YES;
				CLANG_WARN_CONSTANT_CONVERSION = YES;
				CLANG_WARN_DEPRECATED_OBJC_IMPLEMENTATIONS = YES;
				CLANG_WARN_DIRECT_OBJC_ISA_USAGE = YES_ERROR;
				CLANG_WARN_DOCUMENTATION_COMMENTS = YES;
				CLANG_WARN_EMPTY_BODY = YES;
				CLANG_WARN_ENUM_CONVERSION = YES;
				CLANG_WARN_INFINITE_RECURSION = YES;
				CLANG_WARN_INT_CONVERSION = YES;
				CLANG_WARN_NON_LITERAL_NULL_CONVERSION = YES;
				CLANG_WARN_OBJC_IMPLICIT_RETAIN_SELF = YES;
				CLANG_WARN_OBJC_LITERAL_CONVERSION = YES;
				CLANG_WARN_OBJC_ROOT_CLASS = YES_ERROR;
				CLANG_WARN_QUOTED_INCLUDE_IN_FRAMEWORK_HEADER = YES;
				CLANG_WARN_RANGE_LOOP_ANALYSIS = YES;
				CLANG_WARN_STRICT_PROTOTYPES = YES;
				CLANG_WARN_SUSPICIOUS_MOVE = YES;
				CLANG_WARN_UNGUARDED_AVAILABILITY = YES_AGGRESSIVE;
				CLANG_WARN_UNREACHABLE_CODE = YES;
				CLANG_WARN__DUPLICATE_METHOD_MATCH = YES;
				COPY_PHASE_STRIP = NO;
				DEBUG_INFORMATION_FORMAT = "dwarf-with-dsym";
				ENABLE_NS_ASSERTIONS = NO;
				ENABLE_STRICT_OBJC_MSGSEND = YES;
				GCC_C_LANGUAGE_STANDARD = gnu11;
				GCC_NO_COMMON_BLOCKS = YES;
				GCC_WARN_64_TO_32_BIT_CONVERSION = YES;
				GCC_WARN_ABOUT_RETURN_TYPE = YES_ERROR;
				GCC_WARN_UNDECLARED_SELECTOR = YES;
				GCC_WARN_UNINITIALIZED_AUTOS = YES_AGGRESSIVE;
				GCC_WARN_UNUSED_FUNCTION = YES;
				GCC_WARN_UNUSED_VARIABLE = YES;
				IPHONEOS_DEPLOYMENT_TARGET = 15.2;
				MTL_ENABLE_DEBUG_INFO = NO;
				MTL_FAST_MATH = YES;
				SDKROOT = iphoneos;
				SWIFT_COMPILATION_MODE = wholemodule;
				SWIFT_OPTIMIZATION_LEVEL = "-O";
				VALIDATE_PRODUCT = YES;
			};
			name = Release;
		};
		C671A28E27CFE790001C1E2B /* Debug */ = {
			isa = XCBuildConfiguration;
			baseConfigurationReference = 30A37B38962C1037939EA4A2 /* Pods-SmakuyShushi.debug.xcconfig */;
			buildSettings = {
				ASSETCATALOG_COMPILER_APPICON_NAME = AppIcon;
				ASSETCATALOG_COMPILER_GLOBAL_ACCENT_COLOR_NAME = AccentColor;
				CODE_SIGN_STYLE = Automatic;
				CURRENT_PROJECT_VERSION = 1;
				DEVELOPMENT_TEAM = GUXZSWS67L;
				GENERATE_INFOPLIST_FILE = YES;
				INFOPLIST_FILE = SmakuyShushi/Info.plist;
				INFOPLIST_KEY_UIApplicationSupportsIndirectInputEvents = YES;
				INFOPLIST_KEY_UILaunchStoryboardName = LaunchScreen;
				INFOPLIST_KEY_UIMainStoryboardFile = Main;
				INFOPLIST_KEY_UISupportedInterfaceOrientations_iPad = "UIInterfaceOrientationPortrait UIInterfaceOrientationPortraitUpsideDown UIInterfaceOrientationLandscapeLeft UIInterfaceOrientationLandscapeRight";
				INFOPLIST_KEY_UISupportedInterfaceOrientations_iPhone = "UIInterfaceOrientationPortrait UIInterfaceOrientationLandscapeLeft UIInterfaceOrientationLandscapeRight";
				LD_RUNPATH_SEARCH_PATHS = (
					"$(inherited)",
					"@executable_path/Frameworks",
				);
				MARKETING_VERSION = 1.0;
				PRODUCT_BUNDLE_IDENTIFIER = l1.SmakuyShushi;
				PRODUCT_NAME = "$(TARGET_NAME)";
				SWIFT_EMIT_LOC_STRINGS = YES;
				SWIFT_VERSION = 5.0;
				TARGETED_DEVICE_FAMILY = "1,2";
			};
			name = Debug;
		};
		C671A28F27CFE790001C1E2B /* Release */ = {
			isa = XCBuildConfiguration;
			baseConfigurationReference = 5800CDFE633772299C18E755 /* Pods-SmakuyShushi.release.xcconfig */;
			buildSettings = {
				ASSETCATALOG_COMPILER_APPICON_NAME = AppIcon;
				ASSETCATALOG_COMPILER_GLOBAL_ACCENT_COLOR_NAME = AccentColor;
				CODE_SIGN_STYLE = Automatic;
				CURRENT_PROJECT_VERSION = 1;
				DEVELOPMENT_TEAM = GUXZSWS67L;
				GENERATE_INFOPLIST_FILE = YES;
				INFOPLIST_FILE = SmakuyShushi/Info.plist;
				INFOPLIST_KEY_UIApplicationSupportsIndirectInputEvents = YES;
				INFOPLIST_KEY_UILaunchStoryboardName = LaunchScreen;
				INFOPLIST_KEY_UIMainStoryboardFile = Main;
				INFOPLIST_KEY_UISupportedInterfaceOrientations_iPad = "UIInterfaceOrientationPortrait UIInterfaceOrientationPortraitUpsideDown UIInterfaceOrientationLandscapeLeft UIInterfaceOrientationLandscapeRight";
				INFOPLIST_KEY_UISupportedInterfaceOrientations_iPhone = "UIInterfaceOrientationPortrait UIInterfaceOrientationLandscapeLeft UIInterfaceOrientationLandscapeRight";
				LD_RUNPATH_SEARCH_PATHS = (
					"$(inherited)",
					"@executable_path/Frameworks",
				);
				MARKETING_VERSION = 1.0;
				PRODUCT_BUNDLE_IDENTIFIER = l1.SmakuyShushi;
				PRODUCT_NAME = "$(TARGET_NAME)";
				SWIFT_EMIT_LOC_STRINGS = YES;
				SWIFT_VERSION = 5.0;
				TARGETED_DEVICE_FAMILY = "1,2";
			};
			name = Release;
		};
/* End XCBuildConfiguration section */

/* Begin XCConfigurationList section */
		C671A27127CFE78C001C1E2B /* Build configuration list for PBXProject "SmakuyShushi" */ = {
			isa = XCConfigurationList;
			buildConfigurations = (
				C671A28B27CFE790001C1E2B /* Debug */,
				C671A28C27CFE790001C1E2B /* Release */,
			);
			defaultConfigurationIsVisible = 0;
			defaultConfigurationName = Release;
		};
		C671A28D27CFE790001C1E2B /* Build configuration list for PBXNativeTarget "SmakuyShushi" */ = {
			isa = XCConfigurationList;
			buildConfigurations = (
				C671A28E27CFE790001C1E2B /* Debug */,
				C671A28F27CFE790001C1E2B /* Release */,
			);
			defaultConfigurationIsVisible = 0;
			defaultConfigurationName = Release;
		};
/* End XCConfigurationList section */

/* Begin XCVersionGroup section */
		C671A28227CFE78C001C1E2B /* SmakuyShushi.xcdatamodeld */ = {
			isa = XCVersionGroup;
			children = (
				C671A28327CFE78C001C1E2B /* SmakuyShushi.xcdatamodel */,
			);
			currentVersion = C671A28327CFE78C001C1E2B /* SmakuyShushi.xcdatamodel */;
			path = SmakuyShushi.xcdatamodeld;
			sourceTree = "<group>";
			versionGroupType = wrapper.xcdatamodel;
		};
/* End XCVersionGroup section */
	};
	rootObject = C671A26E27CFE78C001C1E2B /* Project object */;
}
